# This file is automatically @generated by Cargo.
# It is not intended for manual editing.
version = 4

[[package]]
name = "session-telemetry-adb"
version = "0.0.0"
dependencies = [
 "session-telemetry-protocol",
]

[[package]]
name = "session-telemetry-analysis"
version = "0.0.0"
dependencies = [
 "session-telemetry-session",
]

[[package]]
name = "session-telemetry-cli"
version = "0.0.0"
dependencies = [
 "session-telemetry-adb",
 "session-telemetry-analysis",
 "session-telemetry-protocol",
 "session-telemetry-report",
 "session-telemetry-session",
]

[[package]]
name = "session-telemetry-protocol"
version = "0.0.0"

[[package]]
name = "session-telemetry-report"
version = "0.0.0"
dependencies = [
 "session-telemetry-analysis",
]

[[package]]
name = "session-telemetry-session"
version = "0.0.0"
dependencies = [
 "session-telemetry-protocol",
]
